
Microsoft Visual Studio Solution File, Format Version 12.00
# Visual Studio Version 17
VisualStudioVersion = 17.5.002.0
MinimumVisualStudioVersion = 10.0.40219.1
Project("{9A19103F-16F7-4668-BE54-9A1E7A4F7556}") = "Final", "Final\Final.csproj", "{B95DA193-007C-4D6F-8E06-B8CDDF80DFE1}"
EndProject
Project("{9A19103F-16F7-4668-BE54-9A1E7A4F7556}") = "Starter", "Starter\Starter.csproj", "{2344AB6E-5A76-4A42-BC10-0D1122880516}"
EndProject
Global
	GlobalSection(SolutionConfigurationPlatforms) = preSolution
		Debug|Any CPU = Debug|Any CPU
		Release|Any CPU = Release|Any CPU
	EndGlobalSection
	GlobalSection(ProjectConfigurationPlatforms) = postSolution
		{B95DA193-007C-4D6F-8E06-B8CDDF80DFE1}.Debug|Any CPU.ActiveCfg = Debug|Any CPU
		{B95DA193-007C-4D6F-8E06-B8CDDF80DFE1}.Debug|Any CPU.Build.0 = Debug|Any CPU
		{B95DA193-007C-4D6F-8E06-B8CDDF80DFE1}.Release|Any CPU.ActiveCfg = Release|Any CPU
		{B95DA193-007C-4D6F-8E06-B8CDDF80DFE1}.Release|Any CPU.Build.0 = Release|Any CPU
		{2344AB6E-5A76-4A42-BC10-0D1122880516}.Debug|Any CPU.ActiveCfg = Debug|Any CPU
		{2344AB6E-5A76-4A42-BC10-0D1122880516}.Debug|Any CPU.Build.0 = Debug|Any CPU
		{2344AB6E-5A76-4A42-BC10-0D1122880516}.Release|Any CPU.ActiveCfg = Release|Any CPU
		{2344AB6E-5A76-4A42-BC10-0D1122880516}.Release|Any CPU.Build.0 = Release|Any CPU
	EndGlobalSection
	GlobalSection(SolutionProperties) = preSolution
		HideSolutionNode = FALSE
	EndGlobalSection
	GlobalSection(ExtensibilityGlobals) = postSolution
		SolutionGuid = {9F57C689-1212-4D17-8A9A-792C4B94DDB7}
	EndGlobalSection
EndGlobal
